// !$*UTF8*$!
{
	archiveVersion = 1;
	classes = {
	};
	objectVersion = 56;
	objects = {

/* Begin PBXBuildFile section */
		226D08632C09E198008C2588 /* AppDelegate.swift in Sources */ = {isa = PBXBuildFile; fileRef = 226D08622C09E198008C2588 /* AppDelegate.swift */; };
		226D08652C09E198008C2588 /* SceneDelegate.swift in Sources */ = {isa = PBXBuildFile; fileRef = 226D08642C09E198008C2588 /* SceneDelegate.swift */; };
		226D08672C09E198008C2588 /* CameraViewController.swift in Sources */ = {isa = PBXBuildFile; fileRef = 226D08662C09E198008C2588 /* CameraViewController.swift */; };
		226D086C2C09E19A008C2588 /* Assets.xcassets in Resources */ = {isa = PBXBuildFile; fileRef = 226D086B2C09E19A008C2588 /* Assets.xcassets */; };
		226D086F2C09E19A008C2588 /* Base in Resources */ = {isa = PBXBuildFile; fileRef = 226D086E2C09E19A008C2588 /* Base */; };
		226D087B2C09E2C4008C2588 /* BottomBarView.swift in Sources */ = {isa = PBXBuildFile; fileRef = 226D087A2C09E2C4008C2588 /* BottomBarView.swift */; };
		226D087D2C09E312008C2588 /* CaptureImageButton.swift in Sources */ = {isa = PBXBuildFile; fileRef = 226D087C2C09E312008C2588 /* CaptureImageButton.swift */; };
		226D087F2C09E3D7008C2588 /* LastPhotoView.swift in Sources */ = {isa = PBXBuildFile; fileRef = 226D087E2C09E3D7008C2588 /* LastPhotoView.swift */; };
		226D08822C09E4EB008C2588 /* SnapKit in Frameworks */ = {isa = PBXBuildFile; productRef = 226D08812C09E4EB008C2588 /* SnapKit */; };
		226D08862C09E690008C2588 /* TopBarView.swift in Sources */ = {isa = PBXBuildFile; fileRef = 226D08852C09E690008C2588 /* TopBarView.swift */; };
		226D08882C09EAE7008C2588 /* CameraService.swift in Sources */ = {isa = PBXBuildFile; fileRef = 226D08872C09EAE7008C2588 /* CameraService.swift */; };
/* End PBXBuildFile section */

/* Begin PBXFileReference section */
		226D085F2C09E198008C2588 /* FancyCamera.app */ = {isa = PBXFileReference; explicitFileType = wrapper.application; includeInIndex = 0; path = FancyCamera.app; sourceTree = BUILT_PRODUCTS_DIR; };
		226D08622C09E198008C2588 /* AppDelegate.swift */ = {isa = PBXFileReference; lastKnownFileType = sourcecode.swift; path = AppDelegate.swift; sourceTree = "<group>"; };
		226D08642C09E198008C2588 /* SceneDelegate.swift */ = {isa = PBXFileReference; lastKnownFileType = sourcecode.swift; path = SceneDelegate.swift; sourceTree = "<group>"; };
		226D08662C09E198008C2588 /* CameraViewController.swift */ = {isa = PBXFileReference; lastKnownFileType = sourcecode.swift; path = CameraViewController.swift; sourceTree = "<group>"; };
		226D086B2C09E19A008C2588 /* Assets.xcassets */ = {isa = PBXFileReference; lastKnownFileType = folder.assetcatalog; path = Assets.xcassets; sourceTree = "<group>"; };
		226D086E2C09E19A008C2588 /* Base */ = {isa = PBXFileReference; lastKnownFileType = file.storyboard; name = Base; path = Base.lproj/LaunchScreen.storyboard; sourceTree = "<group>"; };
		226D08702C09E19A008C2588 /* Info.plist */ = {isa = PBXFileReference; lastKnownFileType = text.plist.xml; path = Info.plist; sourceTree = "<group>"; };
		226D087A2C09E2C4008C2588 /* BottomBarView.swift */ = {isa = PBXFileReference; lastKnownFileType = sourcecode.swift; path = BottomBarView.swift; sourceTree = "<group>"; };
		226D087C2C09E312008C2588 /* CaptureImageButton.swift */ = {isa = PBXFileReference; lastKnownFileType = sourcecode.swift; path = CaptureImageButton.swift; sourceTree = "<group>"; };
		226D087E2C09E3D7008C2588 /* LastPhotoView.swift */ = {isa = PBXFileReference; lastKnownFileType = sourcecode.swift; path = LastPhotoView.swift; sourceTree = "<group>"; };
		226D08852C09E690008C2588 /* TopBarView.swift */ = {isa = PBXFileReference; lastKnownFileType = sourcecode.swift; path = TopBarView.swift; sourceTree = "<group>"; };
		226D08872C09EAE7008C2588 /* CameraService.swift */ = {isa = PBXFileReference; lastKnownFileType = sourcecode.swift; path = CameraService.swift; sourceTree = "<group>"; };
/* End PBXFileReference section */

/* Begin PBXFrameworksBuildPhase section */
		226D085C2C09E198008C2588 /* Frameworks */ = {
			isa = PBXFrameworksBuildPhase;
			buildActionMask = 2147483647;
			files = (
				226D08822C09E4EB008C2588 /* SnapKit in Frameworks */,
			);
			runOnlyForDeploymentPostprocessing = 0;
		};
/* End PBXFrameworksBuildPhase section */

/* Begin PBXGroup section */
		226D08562C09E198008C2588 = {
			isa = PBXGroup;
			children = (
				226D08612C09E198008C2588 /* FancyCamera */,
				226D08602C09E198008C2588 /* Products */,
			);
			sourceTree = "<group>";
		};
		226D08602C09E198008C2588 /* Products */ = {
			isa = PBXGroup;
			children = (
				226D085F2C09E198008C2588 /* FancyCamera.app */,
			);
			name = Products;
			sourceTree = "<group>";
		};
		226D08612C09E198008C2588 /* FancyCamera */ = {
			isa = PBXGroup;
			children = (
				226D08792C09E2A3008C2588 /* CustomViews */,
				226D08782C09E1CC008C2588 /* Presentation */,
				226D08772C09E1C6008C2588 /* Services */,
				226D08762C09E1C1008C2588 /* Application */,
				226D086B2C09E19A008C2588 /* Assets.xcassets */,
				226D086D2C09E19A008C2588 /* LaunchScreen.storyboard */,
				226D08702C09E19A008C2588 /* Info.plist */,
			);
			path = FancyCamera;
			sourceTree = "<group>";
		};
		226D08762C09E1C1008C2588 /* Application */ = {
			isa = PBXGroup;
			children = (
				226D08622C09E198008C2588 /* AppDelegate.swift */,
				226D08642C09E198008C2588 /* SceneDelegate.swift */,
			);
			path = Application;
			sourceTree = "<group>";
		};
		226D08772C09E1C6008C2588 /* Services */ = {
			isa = PBXGroup;
			children = (
				226D08872C09EAE7008C2588 /* CameraService.swift */,
			);
			path = Services;
			sourceTree = "<group>";
		};
		226D08782C09E1CC008C2588 /* Presentation */ = {
			isa = PBXGroup;
			children = (
				226D08662C09E198008C2588 /* CameraViewController.swift */,
			);
			path = Presentation;
			sourceTree = "<group>";
		};
		226D08792C09E2A3008C2588 /* CustomViews */ = {
			isa = PBXGroup;
			children = (
				226D087A2C09E2C4008C2588 /* BottomBarView.swift */,
				226D087C2C09E312008C2588 /* CaptureImageButton.swift */,
				226D087E2C09E3D7008C2588 /* LastPhotoView.swift */,
				226D08852C09E690008C2588 /* TopBarView.swift */,
			);
			path = CustomViews;
			sourceTree = "<group>";
		};
/* End PBXGroup section */

/* Begin PBXNativeTarget section */
		226D085E2C09E198008C2588 /* FancyCamera */ = {
			isa = PBXNativeTarget;
			buildConfigurationList = 226D08732C09E19A008C2588 /* Build configuration list for PBXNativeTarget "FancyCamera" */;
			buildPhases = (
				226D085B2C09E198008C2588 /* Sources */,
				226D085C2C09E198008C2588 /* Frameworks */,
				226D085D2C09E198008C2588 /* Resources */,
			);
			buildRules = (
			);
			dependencies = (
			);
			name = FancyCamera;
			packageProductDependencies = (
				226D08812C09E4EB008C2588 /* SnapKit */,
			);
			productName = FancyCamera;
			productReference = 226D085F2C09E198008C2588 /* FancyCamera.app */;
			productType = "com.apple.product-type.application";
		};
/* End PBXNativeTarget section */

/* Begin PBXProject section */
		226D08572C09E198008C2588 /* Project object */ = {
			isa = PBXProject;
			attributes = {
				BuildIndependentTargetsInParallel = 1;
				LastSwiftUpdateCheck = 1540;
				LastUpgradeCheck = 1540;
				TargetAttributes = {
					226D085E2C09E198008C2588 = {
						CreatedOnToolsVersion = 15.4;
					};
				};
			};
			buildConfigurationList = 226D085A2C09E198008C2588 /* Build configuration list for PBXProject "FancyCamera" */;
			compatibilityVersion = "Xcode 14.0";
			developmentRegion = en;
			hasScannedForEncodings = 0;
			knownRegions = (
				en,
				Base,
			);
			mainGroup = 226D08562C09E198008C2588;
			packageReferences = (
				226D08802C09E4EB008C2588 /* XCRemoteSwiftPackageReference "SnapKit" */,
			);
			productRefGroup = 226D08602C09E198008C2588 /* Products */;
			projectDirPath = "";
			projectRoot = "";
			targets = (
				226D085E2C09E198008C2588 /* FancyCamera */,
			);
		};
/* End PBXProject section */

/* Begin PBXResourcesBuildPhase section */
		226D085D2C09E198008C2588 /* Resources */ = {
			isa = PBXResourcesBuildPhase;
			buildActionMask = 2147483647;
			files = (
				226D086C2C09E19A008C2588 /* Assets.xcassets in Resources */,
				226D086F2C09E19A008C2588 /* Base in Resources */,
			);
			runOnlyForDeploymentPostprocessing = 0;
		};
/* End PBXResourcesBuildPhase section */

/* Begin PBXSourcesBuildPhase section */
		226D085B2C09E198008C2588 /* Sources */ = {
			isa = PBXSourcesBuildPhase;
			buildActionMask = 2147483647;
			files = (
				226D08882C09EAE7008C2588 /* CameraService.swift in Sources */,
				226D08672C09E198008C2588 /* CameraViewController.swift in Sources */,
				226D08632C09E198008C2588 /* AppDelegate.swift in Sources */,
				226D08652C09E198008C2588 /* SceneDelegate.swift in Sources */,
				226D087D2C09E312008C2588 /* CaptureImageButton.swift in Sources */,
				226D08862C09E690008C2588 /* TopBarView.swift in Sources */,
				226D087B2C09E2C4008C2588 /* BottomBarView.swift in Sources */,
				226D087F2C09E3D7008C2588 /* LastPhotoView.swift in Sources */,
			);
			runOnlyForDeploymentPostprocessing = 0;
		};
/* End PBXSourcesBuildPhase section */

/* Begin PBXVariantGroup section */
		226D086D2C09E19A008C2588 /* LaunchScreen.storyboard */ = {
			isa = PBXVariantGroup;
			children = (
				226D086E2C09E19A008C2588 /* Base */,
			);
			name = LaunchScreen.storyboard;
			sourceTree = "<group>";
		};
/* End PBXVariantGroup section */

/* Begin XCBuildConfiguration section */
		226D08712C09E19A008C2588 /* Debug */ = {
			isa = XCBuildConfiguration;
			buildSettings = {
				ALWAYS_SEARCH_USER_PATHS = NO;
				ASSETCATALOG_COMPILER_GENERATE_SWIFT_ASSET_SYMBOL_EXTENSIONS = YES;
				CLANG_ANALYZER_NONNULL = YES;
				CLANG_ANALYZER_NUMBER_OBJECT_CONVERSION = YES_AGGRESSIVE;
				CLANG_CXX_LANGUAGE_STANDARD = "gnu++20";
				CLANG_ENABLE_MODULES = YES;
				CLANG_ENABLE_OBJC_ARC = YES;
				CLANG_ENABLE_OBJC_WEAK = YES;
				CLANG_WARN_BLOCK_CAPTURE_AUTORELEASING = YES;
				CLANG_WARN_BOOL_CONVERSION = YES;
				CLANG_WARN_COMMA = YES;
				CLANG_WARN_CONSTANT_CONVERSION = YES;
				CLANG_WARN_DEPRECATED_OBJC_IMPLEMENTATIONS = YES;
				CLANG_WARN_DIRECT_OBJC_ISA_USAGE = YES_ERROR;
				CLANG_WARN_DOCUMENTATION_COMMENTS = YES;
				CLANG_WARN_EMPTY_BODY = YES;
				CLANG_WARN_ENUM_CONVERSION = YES;
				CLANG_WARN_INFINITE_RECURSION = YES;
				CLANG_WARN_INT_CONVERSION = YES;
				CLANG_WARN_NON_LITERAL_NULL_CONVERSION = YES;
				CLANG_WARN_OBJC_IMPLICIT_RETAIN_SELF = YES;
				CLANG_WARN_OBJC_LITERAL_CONVERSION = YES;
				CLANG_WARN_OBJC_ROOT_CLASS = YES_ERROR;
				CLANG_WARN_QUOTED_INCLUDE_IN_FRAMEWORK_HEADER = YES;
				CLANG_WARN_RANGE_LOOP_ANALYSIS = YES;
				CLANG_WARN_STRICT_PROTOTYPES = YES;
				CLANG_WARN_SUSPICIOUS_MOVE = YES;
				CLANG_WARN_UNGUARDED_AVAILABILITY = YES_AGGRESSIVE;
				CLANG_WARN_UNREACHABLE_CODE = YES;
				CLANG_WARN__DUPLICATE_METHOD_MATCH = YES;
				COPY_PHASE_STRIP = NO;
				DEBUG_INFORMATION_FORMAT = dwarf;
				ENABLE_STRICT_OBJC_MSGSEND = YES;
				ENABLE_TESTABILITY = YES;
				ENABLE_USER_SCRIPT_SANDBOXING = YES;
				GCC_C_LANGUAGE_STANDARD = gnu17;
				GCC_DYNAMIC_NO_PIC = NO;
				GCC_NO_COMMON_BLOCKS = YES;
				GCC_OPTIMIZATION_LEVEL = 0;
				GCC_PREPROCESSOR_DEFINITIONS = (
					"DEBUG=1",
					"$(inherited)",
				);
				GCC_WARN_64_TO_32_BIT_CONVERSION = YES;
				GCC_WARN_ABOUT_RETURN_TYPE = YES_ERROR;
				GCC_WARN_UNDECLARED_SELECTOR = YES;
				GCC_WARN_UNINITIALIZED_AUTOS = YES_AGGRESSIVE;
				GCC_WARN_UNUSED_FUNCTION = YES;
				GCC_WARN_UNUSED_VARIABLE = YES;
				IPHONEOS_DEPLOYMENT_TARGET = 17.5;
				LOCALIZATION_PREFERS_STRING_CATALOGS = YES;
				MTL_ENABLE_DEBUG_INFO = INCLUDE_SOURCE;
				MTL_FAST_MATH = YES;
				ONLY_ACTIVE_ARCH = YES;
				SDKROOT = iphoneos;
				SWIFT_ACTIVE_COMPILATION_CONDITIONS = "DEBUG $(inherited)";
				SWIFT_OPTIMIZATION_LEVEL = "-Onone";
			};
			name = Debug;
		};
		226D08722C09E19A008C2588 /* Release */ = {
			isa = XCBuildConfiguration;
			buildSettings = {
				ALWAYS_SEARCH_USER_PATHS = NO;
				ASSETCATALOG_COMPILER_GENERATE_SWIFT_ASSET_SYMBOL_EXTENSIONS = YES;
				CLANG_ANALYZER_NONNULL = YES;
				CLANG_ANALYZER_NUMBER_OBJECT_CONVERSION = YES_AGGRESSIVE;
				CLANG_CXX_LANGUAGE_STANDARD = "gnu++20";
				CLANG_ENABLE_MODULES = YES;
				CLANG_ENABLE_OBJC_ARC = YES;
				CLANG_ENABLE_OBJC_WEAK = YES;
				CLANG_WARN_BLOCK_CAPTURE_AUTORELEASING = YES;
				CLANG_WARN_BOOL_CONVERSION = YES;
				CLANG_WARN_COMMA = YES;
				CLANG_WARN_CONSTANT_CONVERSION = YES;
				CLANG_WARN_DEPRECATED_OBJC_IMPLEMENTATIONS = YES;
				CLANG_WARN_DIRECT_OBJC_ISA_USAGE = YES_ERROR;
				CLANG_WARN_DOCUMENTATION_COMMENTS = YES;
				CLANG_WARN_EMPTY_BODY = YES;
				CLANG_WARN_ENUM_CONVERSION = YES;
				CLANG_WARN_INFINITE_RECURSION = YES;
				CLANG_WARN_INT_CONVERSION = YES;
				CLANG_WARN_NON_LITERAL_NULL_CONVERSION = YES;
				CLANG_WARN_OBJC_IMPLICIT_RETAIN_SELF = YES;
				CLANG_WARN_OBJC_LITERAL_CONVERSION = YES;
				CLANG_WARN_OBJC_ROOT_CLASS = YES_ERROR;
				CLANG_WARN_QUOTED_INCLUDE_IN_FRAMEWORK_HEADER = YES;
				CLANG_WARN_RANGE_LOOP_ANALYSIS = YES;
				CLANG_WARN_STRICT_PROTOTYPES = YES;
				CLANG_WARN_SUSPICIOUS_MOVE = YES;
				CLANG_WARN_UNGUARDED_AVAILABILITY = YES_AGGRESSIVE;
				CLANG_WARN_UNREACHABLE_CODE = YES;
				CLANG_WARN__DUPLICATE_METHOD_MATCH = YES;
				COPY_PHASE_STRIP = NO;
				DEBUG_INFORMATION_FORMAT = "dwarf-with-dsym";
				ENABLE_NS_ASSERTIONS = NO;
				ENABLE_STRICT_OBJC_MSGSEND = YES;
				ENABLE_USER_SCRIPT_SANDBOXING = YES;
				GCC_C_LANGUAGE_STANDARD = gnu17;
				GCC_NO_COMMON_BLOCKS = YES;
				GCC_WARN_64_TO_32_BIT_CONVERSION = YES;
				GCC_WARN_ABOUT_RETURN_TYPE = YES_ERROR;
				GCC_WARN_UNDECLARED_SELECTOR = YES;
				GCC_WARN_UNINITIALIZED_AUTOS = YES_AGGRESSIVE;
				GCC_WARN_UNUSED_FUNCTION = YES;
				GCC_WARN_UNUSED_VARIABLE = YES;
				IPHONEOS_DEPLOYMENT_TARGET = 17.5;
				LOCALIZATION_PREFERS_STRING_CATALOGS = YES;
				MTL_ENABLE_DEBUG_INFO = NO;
				MTL_FAST_MATH = YES;
				SDKROOT = iphoneos;
				SWIFT_COMPILATION_MODE = wholemodule;
				VALIDATE_PRODUCT = YES;
			};
			name = Release;
		};
		226D08742C09E19A008C2588 /* Debug */ = {
			isa = XCBuildConfiguration;
			buildSettings = {
				ASSETCATALOG_COMPILER_APPICON_NAME = AppIcon;
				ASSETCATALOG_COMPILER_GLOBAL_ACCENT_COLOR_NAME = AccentColor;
				CODE_SIGN_STYLE = Automatic;
				CURRENT_PROJECT_VERSION = 1;
				DEVELOPMENT_TEAM = 7ZJ4NYXD5J;
				GENERATE_INFOPLIST_FILE = YES;
				INFOPLIST_FILE = FancyCamera/Info.plist;
				INFOPLIST_KEY_UIApplicationSupportsIndirectInputEvents = YES;
				INFOPLIST_KEY_UILaunchStoryboardName = LaunchScreen;
				INFOPLIST_KEY_UISupportedInterfaceOrientations_iPad = "UIInterfaceOrientationPortrait UIInterfaceOrientationPortraitUpsideDown UIInterfaceOrientationLandscapeLeft UIInterfaceOrientationLandscapeRight";
				INFOPLIST_KEY_UISupportedInterfaceOrientations_iPhone = "UIInterfaceOrientationPortrait UIInterfaceOrientationLandscapeLeft UIInterfaceOrientationLandscapeRight";
				IPHONEOS_DEPLOYMENT_TARGET = 15.0;
				LD_RUNPATH_SEARCH_PATHS = (
					"$(inherited)",
					"@executable_path/Frameworks",
				);
				MARKETING_VERSION = 1.0;
				PRODUCT_BUNDLE_IDENTIFIER = me.imlaco.FancyCamera;
				PRODUCT_NAME = "$(TARGET_NAME)";
				SWIFT_EMIT_LOC_STRINGS = YES;
				SWIFT_VERSION = 5.0;
				TARGETED_DEVICE_FAMILY = "1,2";
			};
			name = Debug;
		};
		226D08752C09E19A008C2588 /* Release */ = {
			isa = XCBuildConfiguration;
			buildSettings = {
				ASSETCATALOG_COMPILER_APPICON_NAME = AppIcon;
				ASSETCATALOG_COMPILER_GLOBAL_ACCENT_COLOR_NAME = AccentColor;
				CODE_SIGN_STYLE = Automatic;
				CURRENT_PROJECT_VERSION = 1;
				DEVELOPMENT_TEAM = 7ZJ4NYXD5J;
				GENERATE_INFOPLIST_FILE = YES;
				INFOPLIST_FILE = FancyCamera/Info.plist;
				INFOPLIST_KEY_UIApplicationSupportsIndirectInputEvents = YES;
				INFOPLIST_KEY_UILaunchStoryboardName = LaunchScreen;
				INFOPLIST_KEY_UISupportedInterfaceOrientations_iPad = "UIInterfaceOrientationPortrait UIInterfaceOrientationPortraitUpsideDown UIInterfaceOrientationLandscapeLeft UIInterfaceOrientationLandscapeRight";
				INFOPLIST_KEY_UISupportedInterfaceOrientations_iPhone = "UIInterfaceOrientationPortrait UIInterfaceOrientationLandscapeLeft UIInterfaceOrientationLandscapeRight";
				IPHONEOS_DEPLOYMENT_TARGET = 15.0;
				LD_RUNPATH_SEARCH_PATHS = (
					"$(inherited)",
					"@executable_path/Frameworks",
				);
				MARKETING_VERSION = 1.0;
				PRODUCT_BUNDLE_IDENTIFIER = me.imlaco.FancyCamera;
				PRODUCT_NAME = "$(TARGET_NAME)";
				SWIFT_EMIT_LOC_STRINGS = YES;
				SWIFT_VERSION = 5.0;
				TARGETED_DEVICE_FAMILY = "1,2";
			};
			name = Release;
		};
/* End XCBuildConfiguration section */

/* Begin XCConfigurationList section */
		226D085A2C09E198008C2588 /* Build configuration list for PBXProject "FancyCamera" */ = {
			isa = XCConfigurationList;
			buildConfigurations = (
				226D08712C09E19A008C2588 /* Debug */,
				226D08722C09E19A008C2588 /* Release */,
			);
			defaultConfigurationIsVisible = 0;
			defaultConfigurationName = Release;
		};
		226D08732C09E19A008C2588 /* Build configuration list for PBXNativeTarget "FancyCamera" */ = {
			isa = XCConfigurationList;
			buildConfigurations = (
				226D08742C09E19A008C2588 /* Debug */,
				226D08752C09E19A008C2588 /* Release */,
			);
			defaultConfigurationIsVisible = 0;
			defaultConfigurationName = Release;
		};
/* End XCConfigurationList section */

/* Begin XCRemoteSwiftPackageReference section */
		226D08802C09E4EB008C2588 /* XCRemoteSwiftPackageReference "SnapKit" */ = {
			isa = XCRemoteSwiftPackageReference;
			repositoryURL = "https://github.com/SnapKit/SnapKit.git";
			requirement = {
				kind = upToNextMajorVersion;
				minimumVersion = 5.7.1;
			};
		};
/* End XCRemoteSwiftPackageReference section */

/* Begin XCSwiftPackageProductDependency section */
		226D08812C09E4EB008C2588 /* SnapKit */ = {
			isa = XCSwiftPackageProductDependency;
			package = 226D08802C09E4EB008C2588 /* XCRemoteSwiftPackageReference "SnapKit" */;
			productName = SnapKit;
		};
/* End XCSwiftPackageProductDependency section */
	};
	rootObject = 226D08572C09E198008C2588 /* Project object */;
}
